// !$*UTF8*$!
{
	archiveVersion = 1;
	classes = {
	};
	objectVersion = 50;
	objects = {

/* Begin PBXBuildFile section */
		040278D4265AE5DB0048A22E /* Connection.swift in Sources */ = {isa = PBXBuildFile; fileRef = 040278D3265AE5DA0048A22E /* Connection.swift */; };
		04B55A8226565AE900576859 /* CurrentConditionsCell.xib in Resources */ = {isa = PBXBuildFile; fileRef = 04B55A8126565AE900576859 /* CurrentConditionsCell.xib */; };
		04B55A8A2656693500576859 /* CurrentConditionsCell.swift in Sources */ = {isa = PBXBuildFile; fileRef = 04B55A892656693500576859 /* CurrentConditionsCell.swift */; };
		04B55A8D265692DD00576859 /* TodayDescriptionCell.xib in Resources */ = {isa = PBXBuildFile; fileRef = 04B55A8C265692DD00576859 /* TodayDescriptionCell.xib */; };
		04B55A902656953100576859 /* TodayDescriptionTableViewCell.swift in Sources */ = {isa = PBXBuildFile; fileRef = 04B55A8F2656953100576859 /* TodayDescriptionTableViewCell.swift */; };
		04B55A9426569EDF00576859 /* DetailsTableViewCell.swift in Sources */ = {isa = PBXBuildFile; fileRef = 04B55A9226569EDF00576859 /* DetailsTableViewCell.swift */; };
		04B55A9526569EDF00576859 /* DetailsTableViewCell.xib in Resources */ = {isa = PBXBuildFile; fileRef = 04B55A9326569EDF00576859 /* DetailsTableViewCell.xib */; };
		04F34302265522F8001B8CD3 /* AppDelegate.swift in Sources */ = {isa = PBXBuildFile; fileRef = 04F34301265522F8001B8CD3 /* AppDelegate.swift */; };
		04F34304265522F8001B8CD3 /* SceneDelegate.swift in Sources */ = {isa = PBXBuildFile; fileRef = 04F34303265522F8001B8CD3 /* SceneDelegate.swift */; };
		04F34309265522F8001B8CD3 /* Main.storyboard in Resources */ = {isa = PBXBuildFile; fileRef = 04F34307265522F8001B8CD3 /* Main.storyboard */; };
		04F3430B265522FC001B8CD3 /* Assets.xcassets in Resources */ = {isa = PBXBuildFile; fileRef = 04F3430A265522FC001B8CD3 /* Assets.xcassets */; };
		04F3430E265522FC001B8CD3 /* LaunchScreen.storyboard in Resources */ = {isa = PBXBuildFile; fileRef = 04F3430C265522FC001B8CD3 /* LaunchScreen.storyboard */; };
		04F3431F265537A9001B8CD3 /* CurrentCityViewController.swift in Sources */ = {isa = PBXBuildFile; fileRef = 04F3431E265537A9001B8CD3 /* CurrentCityViewController.swift */; };
		04F3432526553EA9001B8CD3 /* WeatherInfoTableView.swift in Sources */ = {isa = PBXBuildFile; fileRef = 04F3432426553EA9001B8CD3 /* WeatherInfoTableView.swift */; };
/* End PBXBuildFile section */

/* Begin PBXFileReference section */
		040278D3265AE5DA0048A22E /* Connection.swift */ = {isa = PBXFileReference; lastKnownFileType = sourcecode.swift; path = Connection.swift; sourceTree = "<group>"; };
		04B55A8126565AE900576859 /* CurrentConditionsCell.xib */ = {isa = PBXFileReference; lastKnownFileType = file.xib; path = CurrentConditionsCell.xib; sourceTree = "<group>"; };
		04B55A892656693500576859 /* CurrentConditionsCell.swift */ = {isa = PBXFileReference; lastKnownFileType = sourcecode.swift; path = CurrentConditionsCell.swift; sourceTree = "<group>"; };
		04B55A8C265692DD00576859 /* TodayDescriptionCell.xib */ = {isa = PBXFileReference; lastKnownFileType = file.xib; path = TodayDescriptionCell.xib; sourceTree = "<group>"; };
		04B55A8F2656953100576859 /* TodayDescriptionTableViewCell.swift */ = {isa = PBXFileReference; lastKnownFileType = sourcecode.swift; path = TodayDescriptionTableViewCell.swift; sourceTree = "<group>"; };
		04B55A9226569EDF00576859 /* DetailsTableViewCell.swift */ = {isa = PBXFileReference; lastKnownFileType = sourcecode.swift; path = DetailsTableViewCell.swift; sourceTree = "<group>"; };
		04B55A9326569EDF00576859 /* DetailsTableViewCell.xib */ = {isa = PBXFileReference; lastKnownFileType = file.xib; path = DetailsTableViewCell.xib; sourceTree = "<group>"; };
		04F342FE265522F8001B8CD3 /* Weather 1.0.app */ = {isa = PBXFileReference; explicitFileType = wrapper.application; includeInIndex = 0; path = "Weather 1.0.app"; sourceTree = BUILT_PRODUCTS_DIR; };
		04F34301265522F8001B8CD3 /* AppDelegate.swift */ = {isa = PBXFileReference; lastKnownFileType = sourcecode.swift; path = AppDelegate.swift; sourceTree = "<group>"; };
		04F34303265522F8001B8CD3 /* SceneDelegate.swift */ = {isa = PBXFileReference; lastKnownFileType = sourcecode.swift; path = SceneDelegate.swift; sourceTree = "<group>"; };
		04F34308265522F8001B8CD3 /* Base */ = {isa = PBXFileReference; lastKnownFileType = file.storyboard; name = Base; path = Base.lproj/Main.storyboard; sourceTree = "<group>"; };
		04F3430A265522FC001B8CD3 /* Assets.xcassets */ = {isa = PBXFileReference; lastKnownFileType = folder.assetcatalog; path = Assets.xcassets; sourceTree = "<group>"; };
		04F3430D265522FC001B8CD3 /* Base */ = {isa = PBXFileReference; lastKnownFileType = file.storyboard; name = Base; path = Base.lproj/LaunchScreen.storyboard; sourceTree = "<group>"; };
		04F3430F265522FC001B8CD3 /* Info.plist */ = {isa = PBXFileReference; lastKnownFileType = text.plist.xml; path = Info.plist; sourceTree = "<group>"; };
		04F3431E265537A9001B8CD3 /* CurrentCityViewController.swift */ = {isa = PBXFileReference; lastKnownFileType = sourcecode.swift; path = CurrentCityViewController.swift; sourceTree = "<group>"; };
		04F3432426553EA9001B8CD3 /* WeatherInfoTableView.swift */ = {isa = PBXFileReference; lastKnownFileType = sourcecode.swift; path = WeatherInfoTableView.swift; sourceTree = "<group>"; };
/* End PBXFileReference section */

/* Begin PBXFrameworksBuildPhase section */
		04F342FB265522F8001B8CD3 /* Frameworks */ = {
			isa = PBXFrameworksBuildPhase;
			buildActionMask = 2147483647;
			files = (
			);
			runOnlyForDeploymentPostprocessing = 0;
		};
/* End PBXFrameworksBuildPhase section */

/* Begin PBXGroup section */
		04B55A992656A6BF00576859 /* Cells */ = {
			isa = PBXGroup;
			children = (
				04B55A8126565AE900576859 /* CurrentConditionsCell.xib */,
				04B55A892656693500576859 /* CurrentConditionsCell.swift */,
				04B55A8C265692DD00576859 /* TodayDescriptionCell.xib */,
				04B55A8F2656953100576859 /* TodayDescriptionTableViewCell.swift */,
				04B55A9226569EDF00576859 /* DetailsTableViewCell.swift */,
				04B55A9326569EDF00576859 /* DetailsTableViewCell.xib */,
			);
			path = Cells;
			sourceTree = "<group>";
		};
		04F342F5265522F8001B8CD3 = {
			isa = PBXGroup;
			children = (
				04F34300265522F8001B8CD3 /* Weather 1.0 */,
				04F342FF265522F8001B8CD3 /* Products */,
			);
			sourceTree = "<group>";
		};
		04F342FF265522F8001B8CD3 /* Products */ = {
			isa = PBXGroup;
			children = (
				04F342FE265522F8001B8CD3 /* Weather 1.0.app */,
			);
			name = Products;
			sourceTree = "<group>";
		};
		04F34300265522F8001B8CD3 /* Weather 1.0 */ = {
			isa = PBXGroup;
			children = (
				04B55A992656A6BF00576859 /* Cells */,
				04F34301265522F8001B8CD3 /* AppDelegate.swift */,
				04F34303265522F8001B8CD3 /* SceneDelegate.swift */,
				04F34307265522F8001B8CD3 /* Main.storyboard */,
				04F3430A265522FC001B8CD3 /* Assets.xcassets */,
				04F3430C265522FC001B8CD3 /* LaunchScreen.storyboard */,
				04F3430F265522FC001B8CD3 /* Info.plist */,
				04F3431E265537A9001B8CD3 /* CurrentCityViewController.swift */,
				04F3432426553EA9001B8CD3 /* WeatherInfoTableView.swift */,
				040278D3265AE5DA0048A22E /* Connection.swift */,
			);
			path = "Weather 1.0";
			sourceTree = "<group>";
		};
/* End PBXGroup section */

/* Begin PBXNativeTarget section */
		04F342FD265522F8001B8CD3 /* Weather 1.0 */ = {
			isa = PBXNativeTarget;
			buildConfigurationList = 04F34312265522FC001B8CD3 /* Build configuration list for PBXNativeTarget "Weather 1.0" */;
			buildPhases = (
				04F342FA265522F8001B8CD3 /* Sources */,
				04F342FB265522F8001B8CD3 /* Frameworks */,
				04F342FC265522F8001B8CD3 /* Resources */,
			);
			buildRules = (
			);
			dependencies = (
			);
			name = "Weather 1.0";
			productName = "Weather 1.0";
			productReference = 04F342FE265522F8001B8CD3 /* Weather 1.0.app */;
			productType = "com.apple.product-type.application";
		};
/* End PBXNativeTarget section */

/* Begin PBXProject section */
		04F342F6265522F8001B8CD3 /* Project object */ = {
			isa = PBXProject;
			attributes = {
				LastSwiftUpdateCheck = 1240;
				LastUpgradeCheck = 1240;
				TargetAttributes = {
					04F342FD265522F8001B8CD3 = {
						CreatedOnToolsVersion = 12.4;
					};
				};
			};
			buildConfigurationList = 04F342F9265522F8001B8CD3 /* Build configuration list for PBXProject "Weather 1.0" */;
			compatibilityVersion = "Xcode 9.3";
			developmentRegion = en;
			hasScannedForEncodings = 0;
			knownRegions = (
				en,
				Base,
			);
			mainGroup = 04F342F5265522F8001B8CD3;
			productRefGroup = 04F342FF265522F8001B8CD3 /* Products */;
			projectDirPath = "";
			projectRoot = "";
			targets = (
				04F342FD265522F8001B8CD3 /* Weather 1.0 */,
			);
		};
/* End PBXProject section */

/* Begin PBXResourcesBuildPhase section */
		04F342FC265522F8001B8CD3 /* Resources */ = {
			isa = PBXResourcesBuildPhase;
			buildActionMask = 2147483647;
			files = (
				04B55A9526569EDF00576859 /* DetailsTableViewCell.xib in Resources */,
				04F3430E265522FC001B8CD3 /* LaunchScreen.storyboard in Resources */,
				04B55A8D265692DD00576859 /* TodayDescriptionCell.xib in Resources */,
				04F3430B265522FC001B8CD3 /* Assets.xcassets in Resources */,
				04B55A8226565AE900576859 /* CurrentConditionsCell.xib in Resources */,
				04F34309265522F8001B8CD3 /* Main.storyboard in Resources */,
			);
			runOnlyForDeploymentPostprocessing = 0;
		};
/* End PBXResourcesBuildPhase section */

/* Begin PBXSourcesBuildPhase section */
		04F342FA265522F8001B8CD3 /* Sources */ = {
			isa = PBXSourcesBuildPhase;
			buildActionMask = 2147483647;
			files = (
				04F3432526553EA9001B8CD3 /* WeatherInfoTableView.swift in Sources */,
				04F34302265522F8001B8CD3 /* AppDelegate.swift in Sources */,
				04B55A8A2656693500576859 /* CurrentConditionsCell.swift in Sources */,
				04B55A9426569EDF00576859 /* DetailsTableViewCell.swift in Sources */,
				04F3431F265537A9001B8CD3 /* CurrentCityViewController.swift in Sources */,
				040278D4265AE5DB0048A22E /* Connection.swift in Sources */,
				04B55A902656953100576859 /* TodayDescriptionTableViewCell.swift in Sources */,
				04F34304265522F8001B8CD3 /* SceneDelegate.swift in Sources */,
			);
			runOnlyForDeploymentPostprocessing = 0;
		};
/* End PBXSourcesBuildPhase section */

/* Begin PBXVariantGroup section */
		04F34307265522F8001B8CD3 /* Main.storyboard */ = {
			isa = PBXVariantGroup;
			children = (
				04F34308265522F8001B8CD3 /* Base */,
			);
			name = Main.storyboard;
			sourceTree = "<group>";
		};
		04F3430C265522FC001B8CD3 /* LaunchScreen.storyboard */ = {
			isa = PBXVariantGroup;
			children = (
				04F3430D265522FC001B8CD3 /* Base */,
			);
			name = LaunchScreen.storyboard;
			sourceTree = "<group>";
		};
/* End PBXVariantGroup section */

/* Begin XCBuildConfiguration section */
		04F34310265522FC001B8CD3 /* Debug */ = {
			isa = XCBuildConfiguration;
			buildSettings = {
				ALWAYS_SEARCH_USER_PATHS = NO;
				CLANG_ANALYZER_NONNULL = YES;
				CLANG_ANALYZER_NUMBER_OBJECT_CONVERSION = YES_AGGRESSIVE;
				CLANG_CXX_LANGUAGE_STANDARD = "gnu++14";
				CLANG_CXX_LIBRARY = "libc++";
				CLANG_ENABLE_MODULES = YES;
				CLANG_ENABLE_OBJC_ARC = YES;
				CLANG_ENABLE_OBJC_WEAK = YES;
				CLANG_WARN_BLOCK_CAPTURE_AUTORELEASING = YES;
				CLANG_WARN_BOOL_CONVERSION = YES;
				CLANG_WARN_COMMA = YES;
				CLANG_WARN_CONSTANT_CONVERSION = YES;
				CLANG_WARN_DEPRECATED_OBJC_IMPLEMENTATIONS = YES;
				CLANG_WARN_DIRECT_OBJC_ISA_USAGE = YES_ERROR;
				CLANG_WARN_DOCUMENTATION_COMMENTS = YES;
				CLANG_WARN_EMPTY_BODY = YES;
				CLANG_WARN_ENUM_CONVERSION = YES;
				CLANG_WARN_INFINITE_RECURSION = YES;
				CLANG_WARN_INT_CONVERSION = YES;
				CLANG_WARN_NON_LITERAL_NULL_CONVERSION = YES;
				CLANG_WARN_OBJC_IMPLICIT_RETAIN_SELF = YES;
				CLANG_WARN_OBJC_LITERAL_CONVERSION = YES;
				CLANG_WARN_OBJC_ROOT_CLASS = YES_ERROR;
				CLANG_WARN_QUOTED_INCLUDE_IN_FRAMEWORK_HEADER = YES;
				CLANG_WARN_RANGE_LOOP_ANALYSIS = YES;
				CLANG_WARN_STRICT_PROTOTYPES = YES;
				CLANG_WARN_SUSPICIOUS_MOVE = YES;
				CLANG_WARN_UNGUARDED_AVAILABILITY = YES_AGGRESSIVE;
				CLANG_WARN_UNREACHABLE_CODE = YES;
				CLANG_WARN__DUPLICATE_METHOD_MATCH = YES;
				COPY_PHASE_STRIP = NO;
				DEBUG_INFORMATION_FORMAT = dwarf;
				ENABLE_STRICT_OBJC_MSGSEND = YES;
				ENABLE_TESTABILITY = YES;
				GCC_C_LANGUAGE_STANDARD = gnu11;
				GCC_DYNAMIC_NO_PIC = NO;
				GCC_NO_COMMON_BLOCKS = YES;
				GCC_OPTIMIZATION_LEVEL = 0;
				GCC_PREPROCESSOR_DEFINITIONS = (
					"DEBUG=1",
					"$(inherited)",
				);
				GCC_WARN_64_TO_32_BIT_CONVERSION = YES;
				GCC_WARN_ABOUT_RETURN_TYPE = YES_ERROR;
				GCC_WARN_UNDECLARED_SELECTOR = YES;
				GCC_WARN_UNINITIALIZED_AUTOS = YES_AGGRESSIVE;
				GCC_WARN_UNUSED_FUNCTION = YES;
				GCC_WARN_UNUSED_VARIABLE = YES;
				IPHONEOS_DEPLOYMENT_TARGET = 14.4;
				MTL_ENABLE_DEBUG_INFO = INCLUDE_SOURCE;
				MTL_FAST_MATH = YES;
				ONLY_ACTIVE_ARCH = YES;
				SDKROOT = iphoneos;
				SWIFT_ACTIVE_COMPILATION_CONDITIONS = DEBUG;
				SWIFT_OPTIMIZATION_LEVEL = "-Onone";
			};
			name = Debug;
		};
		04F34311265522FC001B8CD3 /* Release */ = {
			isa = XCBuildConfiguration;
			buildSettings = {
				ALWAYS_SEARCH_USER_PATHS = NO;
				CLANG_ANALYZER_NONNULL = YES;
				CLANG_ANALYZER_NUMBER_OBJECT_CONVERSION = YES_AGGRESSIVE;
				CLANG_CXX_LANGUAGE_STANDARD = "gnu++14";
				CLANG_CXX_LIBRARY = "libc++";
				CLANG_ENABLE_MODULES = YES;
				CLANG_ENABLE_OBJC_ARC = YES;
				CLANG_ENABLE_OBJC_WEAK = YES;
				CLANG_WARN_BLOCK_CAPTURE_AUTORELEASING = YES;
				CLANG_WARN_BOOL_CONVERSION = YES;
				CLANG_WARN_COMMA = YES;
				CLANG_WARN_CONSTANT_CONVERSION = YES;
				CLANG_WARN_DEPRECATED_OBJC_IMPLEMENTATIONS = YES;
				CLANG_WARN_DIRECT_OBJC_ISA_USAGE = YES_ERROR;
				CLANG_WARN_DOCUMENTATION_COMMENTS = YES;
				CLANG_WARN_EMPTY_BODY = YES;
				CLANG_WARN_ENUM_CONVERSION = YES;
				CLANG_WARN_INFINITE_RECURSION = YES;
				CLANG_WARN_INT_CONVERSION = YES;
				CLANG_WARN_NON_LITERAL_NULL_CONVERSION = YES;
				CLANG_WARN_OBJC_IMPLICIT_RETAIN_SELF = YES;
				CLANG_WARN_OBJC_LITERAL_CONVERSION = YES;
				CLANG_WARN_OBJC_ROOT_CLASS = YES_ERROR;
				CLANG_WARN_QUOTED_INCLUDE_IN_FRAMEWORK_HEADER = YES;
				CLANG_WARN_RANGE_LOOP_ANALYSIS = YES;
				CLANG_WARN_STRICT_PROTOTYPES = YES;
				CLANG_WARN_SUSPICIOUS_MOVE = YES;
				CLANG_WARN_UNGUARDED_AVAILABILITY = YES_AGGRESSIVE;
				CLANG_WARN_UNREACHABLE_CODE = YES;
				CLANG_WARN__DUPLICATE_METHOD_MATCH = YES;
				COPY_PHASE_STRIP = NO;
				DEBUG_INFORMATION_FORMAT = "dwarf-with-dsym";
				ENABLE_NS_ASSERTIONS = NO;
				ENABLE_STRICT_OBJC_MSGSEND = YES;
				GCC_C_LANGUAGE_STANDARD = gnu11;
				GCC_NO_COMMON_BLOCKS = YES;
				GCC_WARN_64_TO_32_BIT_CONVERSION = YES;
				GCC_WARN_ABOUT_RETURN_TYPE = YES_ERROR;
				GCC_WARN_UNDECLARED_SELECTOR = YES;
				GCC_WARN_UNINITIALIZED_AUTOS = YES_AGGRESSIVE;
				GCC_WARN_UNUSED_FUNCTION = YES;
				GCC_WARN_UNUSED_VARIABLE = YES;
				IPHONEOS_DEPLOYMENT_TARGET = 14.4;
				MTL_ENABLE_DEBUG_INFO = NO;
				MTL_FAST_MATH = YES;
				SDKROOT = iphoneos;
				SWIFT_COMPILATION_MODE = wholemodule;
				SWIFT_OPTIMIZATION_LEVEL = "-O";
				VALIDATE_PRODUCT = YES;
			};
			name = Release;
		};
		04F34313265522FC001B8CD3 /* Debug */ = {
			isa = XCBuildConfiguration;
			buildSettings = {
				ASSETCATALOG_COMPILER_APPICON_NAME = AppIcon;
				ASSETCATALOG_COMPILER_GLOBAL_ACCENT_COLOR_NAME = AccentColor;
				CODE_SIGN_STYLE = Automatic;
				DEVELOPMENT_TEAM = L7SNHNMQGX;
				INFOPLIST_FILE = "Weather 1.0/Info.plist";
				LD_RUNPATH_SEARCH_PATHS = (
					"$(inherited)",
					"@executable_path/Frameworks",
				);
				PRODUCT_BUNDLE_IDENTIFIER = "DD.Weather-1-0";
				PRODUCT_NAME = "$(TARGET_NAME)";
				SWIFT_VERSION = 5.0;
				TARGETED_DEVICE_FAMILY = "1,2";
			};
			name = Debug;
		};
		04F34314265522FC001B8CD3 /* Release */ = {
			isa = XCBuildConfiguration;
			buildSettings = {
				ASSETCATALOG_COMPILER_APPICON_NAME = AppIcon;
				ASSETCATALOG_COMPILER_GLOBAL_ACCENT_COLOR_NAME = AccentColor;
				CODE_SIGN_STYLE = Automatic;
				DEVELOPMENT_TEAM = L7SNHNMQGX;
				INFOPLIST_FILE = "Weather 1.0/Info.plist";
				LD_RUNPATH_SEARCH_PATHS = (
					"$(inherited)",
					"@executable_path/Frameworks",
				);
				PRODUCT_BUNDLE_IDENTIFIER = "DD.Weather-1-0";
				PRODUCT_NAME = "$(TARGET_NAME)";
				SWIFT_VERSION = 5.0;
				TARGETED_DEVICE_FAMILY = "1,2";
			};
			name = Release;
		};
/* End XCBuildConfiguration section */

/* Begin XCConfigurationList section */
		04F342F9265522F8001B8CD3 /* Build configuration list for PBXProject "Weather 1.0" */ = {
			isa = XCConfigurationList;
			buildConfigurations = (
				04F34310265522FC001B8CD3 /* Debug */,
				04F34311265522FC001B8CD3 /* Release */,
			);
			defaultConfigurationIsVisible = 0;
			defaultConfigurationName = Release;
		};
		04F34312265522FC001B8CD3 /* Build configuration list for PBXNativeTarget "Weather 1.0" */ = {
			isa = XCConfigurationList;
			buildConfigurations = (
				04F34313265522FC001B8CD3 /* Debug */,
				04F34314265522FC001B8CD3 /* Release */,
			);
			defaultConfigurationIsVisible = 0;
			defaultConfigurationName = Release;
		};
/* End XCConfigurationList section */
	};
	rootObject = 04F342F6265522F8001B8CD3 /* Project object */;
}
